// !$*UTF8*$!
{
	archiveVersion = 1;
	classes = {
	};
	objectVersion = 56;
	objects = {

/* Begin PBXBuildFile section */
		9B391CE82B86312B0094727F /* Double.swift in Sources */ = {isa = PBXBuildFile; fileRef = 9B391CE72B86312B0094727F /* Double.swift */; };
		9B40D2412B8605E300E20DC3 /* SwiftUICryptoApp.swift in Sources */ = {isa = PBXBuildFile; fileRef = 9B40D2402B8605E300E20DC3 /* SwiftUICryptoApp.swift */; };
		9B40D2432B8605E300E20DC3 /* ContentView.swift in Sources */ = {isa = PBXBuildFile; fileRef = 9B40D2422B8605E300E20DC3 /* ContentView.swift */; };
		9B40D2482B8605E500E20DC3 /* Preview Assets.xcassets in Resources */ = {isa = PBXBuildFile; fileRef = 9B40D2472B8605E500E20DC3 /* Preview Assets.xcassets */; };
		9B40D24F2B86069800E20DC3 /* Assets.xcassets in Resources */ = {isa = PBXBuildFile; fileRef = 9B40D24E2B86069700E20DC3 /* Assets.xcassets */; };
		9B40D2522B86076700E20DC3 /* Color.swift in Sources */ = {isa = PBXBuildFile; fileRef = 9B40D2512B86076700E20DC3 /* Color.swift */; };
		9B40D2582B860A3300E20DC3 /* HomeView.swift in Sources */ = {isa = PBXBuildFile; fileRef = 9B40D2572B860A3300E20DC3 /* HomeView.swift */; };
		9B40D25C2B860B4600E20DC3 /* CircleButtonView.swift in Sources */ = {isa = PBXBuildFile; fileRef = 9B40D25B2B860B4600E20DC3 /* CircleButtonView.swift */; };
		9B40D25E2B860E2C00E20DC3 /* CircleButtonAnimationView.swift in Sources */ = {isa = PBXBuildFile; fileRef = 9B40D25D2B860E2C00E20DC3 /* CircleButtonAnimationView.swift */; };
		9B40D2612B86223800E20DC3 /* CoinModel.swift in Sources */ = {isa = PBXBuildFile; fileRef = 9B40D2602B86223800E20DC3 /* CoinModel.swift */; };
		9B40D2632B86295600E20DC3 /* CoinRowView.swift in Sources */ = {isa = PBXBuildFile; fileRef = 9B40D2622B86295600E20DC3 /* CoinRowView.swift */; };
		9B40D2672B862E1800E20DC3 /* ModelData.swift in Sources */ = {isa = PBXBuildFile; fileRef = 9B40D2662B862E1800E20DC3 /* ModelData.swift */; };
		9B6FE7812B863C30001D04CA /* HomeViewModel.swift in Sources */ = {isa = PBXBuildFile; fileRef = 9B6FE7802B863C30001D04CA /* HomeViewModel.swift */; };
		9B6FE7832B863D20001D04CA /* ViewModelData.swift in Sources */ = {isa = PBXBuildFile; fileRef = 9B6FE7822B863D20001D04CA /* ViewModelData.swift */; };
		9B6FE7862B8644D7001D04CA /* CoinDataService.swift in Sources */ = {isa = PBXBuildFile; fileRef = 9B6FE7852B8644D7001D04CA /* CoinDataService.swift */; };
		9B6FE7892B864B1C001D04CA /* NetworkingManager.swift in Sources */ = {isa = PBXBuildFile; fileRef = 9B6FE7882B864B1C001D04CA /* NetworkingManager.swift */; };
		9BCDDE742B86512900B4627D /* CoinImageView.swift in Sources */ = {isa = PBXBuildFile; fileRef = 9BCDDE732B86512900B4627D /* CoinImageView.swift */; };
		9BCDDE762B86513D00B4627D /* CoinImageViewModel.swift in Sources */ = {isa = PBXBuildFile; fileRef = 9BCDDE752B86513D00B4627D /* CoinImageViewModel.swift */; };
		9BCDDE782B8652D700B4627D /* CoinImageService.swift in Sources */ = {isa = PBXBuildFile; fileRef = 9BCDDE772B8652D700B4627D /* CoinImageService.swift */; };
		9BCDDE7A2B874A9100B4627D /* LocalFileManager.swift in Sources */ = {isa = PBXBuildFile; fileRef = 9BCDDE792B874A9100B4627D /* LocalFileManager.swift */; };
		9BE6CEAF2B87527700870233 /* SearchBarView.swift in Sources */ = {isa = PBXBuildFile; fileRef = 9BE6CEAE2B87527700870233 /* SearchBarView.swift */; };
		9BE6CEB12B875BBA00870233 /* UIApplication.swift in Sources */ = {isa = PBXBuildFile; fileRef = 9BE6CEB02B875BBA00870233 /* UIApplication.swift */; };
		9BE6CEB32B8783EE00870233 /* StatisticModel.swift in Sources */ = {isa = PBXBuildFile; fileRef = 9BE6CEB22B8783EE00870233 /* StatisticModel.swift */; };
		9BE6CEB52B87851100870233 /* StatisticView.swift in Sources */ = {isa = PBXBuildFile; fileRef = 9BE6CEB42B87851100870233 /* StatisticView.swift */; };
		9BE6CEB72B87876F00870233 /* HomeStatsView.swift in Sources */ = {isa = PBXBuildFile; fileRef = 9BE6CEB62B87876F00870233 /* HomeStatsView.swift */; };
		9BE6CEB92B878A4F00870233 /* MarketDataModel.swift in Sources */ = {isa = PBXBuildFile; fileRef = 9BE6CEB82B878A4F00870233 /* MarketDataModel.swift */; };
		9BE6CEBB2B878D4A00870233 /* MarketDataService.swift in Sources */ = {isa = PBXBuildFile; fileRef = 9BE6CEBA2B878D4A00870233 /* MarketDataService.swift */; };
/* End PBXBuildFile section */

/* Begin PBXFileReference section */
		9B391CE72B86312B0094727F /* Double.swift */ = {isa = PBXFileReference; lastKnownFileType = sourcecode.swift; path = Double.swift; sourceTree = "<group>"; };
		9B40D23D2B8605E300E20DC3 /* SwiftUICrypto.app */ = {isa = PBXFileReference; explicitFileType = wrapper.application; includeInIndex = 0; path = SwiftUICrypto.app; sourceTree = BUILT_PRODUCTS_DIR; };
		9B40D2402B8605E300E20DC3 /* SwiftUICryptoApp.swift */ = {isa = PBXFileReference; lastKnownFileType = sourcecode.swift; path = SwiftUICryptoApp.swift; sourceTree = "<group>"; };
		9B40D2422B8605E300E20DC3 /* ContentView.swift */ = {isa = PBXFileReference; lastKnownFileType = sourcecode.swift; path = ContentView.swift; sourceTree = "<group>"; };
		9B40D2472B8605E500E20DC3 /* Preview Assets.xcassets */ = {isa = PBXFileReference; lastKnownFileType = folder.assetcatalog; path = "Preview Assets.xcassets"; sourceTree = "<group>"; };
		9B40D24E2B86069700E20DC3 /* Assets.xcassets */ = {isa = PBXFileReference; lastKnownFileType = folder.assetcatalog; name = Assets.xcassets; path = ../../../../Downloads/Resources/Assets.xcassets; sourceTree = "<group>"; };
		9B40D2512B86076700E20DC3 /* Color.swift */ = {isa = PBXFileReference; lastKnownFileType = sourcecode.swift; path = Color.swift; sourceTree = "<group>"; };
		9B40D2572B860A3300E20DC3 /* HomeView.swift */ = {isa = PBXFileReference; lastKnownFileType = sourcecode.swift; path = HomeView.swift; sourceTree = "<group>"; };
		9B40D25B2B860B4600E20DC3 /* CircleButtonView.swift */ = {isa = PBXFileReference; lastKnownFileType = sourcecode.swift; path = CircleButtonView.swift; sourceTree = "<group>"; };
		9B40D25D2B860E2C00E20DC3 /* CircleButtonAnimationView.swift */ = {isa = PBXFileReference; lastKnownFileType = sourcecode.swift; path = CircleButtonAnimationView.swift; sourceTree = "<group>"; };
		9B40D2602B86223800E20DC3 /* CoinModel.swift */ = {isa = PBXFileReference; lastKnownFileType = sourcecode.swift; path = CoinModel.swift; sourceTree = "<group>"; };
		9B40D2622B86295600E20DC3 /* CoinRowView.swift */ = {isa = PBXFileReference; lastKnownFileType = sourcecode.swift; path = CoinRowView.swift; sourceTree = "<group>"; };
		9B40D2662B862E1800E20DC3 /* ModelData.swift */ = {isa = PBXFileReference; lastKnownFileType = sourcecode.swift; path = ModelData.swift; sourceTree = "<group>"; };
		9B6FE7802B863C30001D04CA /* HomeViewModel.swift */ = {isa = PBXFileReference; lastKnownFileType = sourcecode.swift; path = HomeViewModel.swift; sourceTree = "<group>"; };
		9B6FE7822B863D20001D04CA /* ViewModelData.swift */ = {isa = PBXFileReference; lastKnownFileType = sourcecode.swift; path = ViewModelData.swift; sourceTree = "<group>"; };
		9B6FE7852B8644D7001D04CA /* CoinDataService.swift */ = {isa = PBXFileReference; lastKnownFileType = sourcecode.swift; path = CoinDataService.swift; sourceTree = "<group>"; };
		9B6FE7882B864B1C001D04CA /* NetworkingManager.swift */ = {isa = PBXFileReference; lastKnownFileType = sourcecode.swift; path = NetworkingManager.swift; sourceTree = "<group>"; };
		9BCDDE732B86512900B4627D /* CoinImageView.swift */ = {isa = PBXFileReference; lastKnownFileType = sourcecode.swift; path = CoinImageView.swift; sourceTree = "<group>"; };
		9BCDDE752B86513D00B4627D /* CoinImageViewModel.swift */ = {isa = PBXFileReference; lastKnownFileType = sourcecode.swift; path = CoinImageViewModel.swift; sourceTree = "<group>"; };
		9BCDDE772B8652D700B4627D /* CoinImageService.swift */ = {isa = PBXFileReference; lastKnownFileType = sourcecode.swift; path = CoinImageService.swift; sourceTree = "<group>"; };
		9BCDDE792B874A9100B4627D /* LocalFileManager.swift */ = {isa = PBXFileReference; lastKnownFileType = sourcecode.swift; path = LocalFileManager.swift; sourceTree = "<group>"; };
		9BE6CEAE2B87527700870233 /* SearchBarView.swift */ = {isa = PBXFileReference; lastKnownFileType = sourcecode.swift; path = SearchBarView.swift; sourceTree = "<group>"; };
		9BE6CEB02B875BBA00870233 /* UIApplication.swift */ = {isa = PBXFileReference; lastKnownFileType = sourcecode.swift; path = UIApplication.swift; sourceTree = "<group>"; };
		9BE6CEB22B8783EE00870233 /* StatisticModel.swift */ = {isa = PBXFileReference; lastKnownFileType = sourcecode.swift; path = StatisticModel.swift; sourceTree = "<group>"; };
		9BE6CEB42B87851100870233 /* StatisticView.swift */ = {isa = PBXFileReference; lastKnownFileType = sourcecode.swift; path = StatisticView.swift; sourceTree = "<group>"; };
		9BE6CEB62B87876F00870233 /* HomeStatsView.swift */ = {isa = PBXFileReference; lastKnownFileType = sourcecode.swift; path = HomeStatsView.swift; sourceTree = "<group>"; };
		9BE6CEB82B878A4F00870233 /* MarketDataModel.swift */ = {isa = PBXFileReference; lastKnownFileType = sourcecode.swift; path = MarketDataModel.swift; sourceTree = "<group>"; };
		9BE6CEBA2B878D4A00870233 /* MarketDataService.swift */ = {isa = PBXFileReference; lastKnownFileType = sourcecode.swift; path = MarketDataService.swift; sourceTree = "<group>"; };
/* End PBXFileReference section */

/* Begin PBXFrameworksBuildPhase section */
		9B40D23A2B8605E300E20DC3 /* Frameworks */ = {
			isa = PBXFrameworksBuildPhase;
			buildActionMask = 2147483647;
			files = (
			);
			runOnlyForDeploymentPostprocessing = 0;
		};
/* End PBXFrameworksBuildPhase section */

/* Begin PBXGroup section */
		9B40D2342B8605E300E20DC3 = {
			isa = PBXGroup;
			children = (
				9B40D23F2B8605E300E20DC3 /* SwiftUICrypto */,
				9B40D23E2B8605E300E20DC3 /* Products */,
			);
			sourceTree = "<group>";
		};
		9B40D23E2B8605E300E20DC3 /* Products */ = {
			isa = PBXGroup;
			children = (
				9B40D23D2B8605E300E20DC3 /* SwiftUICrypto.app */,
			);
			name = Products;
			sourceTree = "<group>";
		};
		9B40D23F2B8605E300E20DC3 /* SwiftUICrypto */ = {
			isa = PBXGroup;
			children = (
				9B40D2402B8605E300E20DC3 /* SwiftUICryptoApp.swift */,
				9B6FE7872B864AEA001D04CA /* Utilities */,
				9B40D2502B86075300E20DC3 /* Extensions */,
				9B6FE7842B8644B0001D04CA /* Services */,
				9B40D25F2B86221F00E20DC3 /* Models */,
				9B40D2532B860A0200E20DC3 /* Core */,
				9B40D2422B8605E300E20DC3 /* ContentView.swift */,
				9B40D24E2B86069700E20DC3 /* Assets.xcassets */,
				9B40D2462B8605E500E20DC3 /* Preview Content */,
			);
			path = SwiftUICrypto;
			sourceTree = "<group>";
		};
		9B40D2462B8605E500E20DC3 /* Preview Content */ = {
			isa = PBXGroup;
			children = (
				9B40D2472B8605E500E20DC3 /* Preview Assets.xcassets */,
			);
			path = "Preview Content";
			sourceTree = "<group>";
		};
		9B40D2502B86075300E20DC3 /* Extensions */ = {
			isa = PBXGroup;
			children = (
				9B40D2512B86076700E20DC3 /* Color.swift */,
				9B391CE72B86312B0094727F /* Double.swift */,
				9BE6CEB02B875BBA00870233 /* UIApplication.swift */,
			);
			path = Extensions;
			sourceTree = "<group>";
		};
		9B40D2532B860A0200E20DC3 /* Core */ = {
			isa = PBXGroup;
			children = (
				9B40D2592B860B1D00E20DC3 /* Components */,
				9B40D2542B860A1700E20DC3 /* Home */,
			);
			path = Core;
			sourceTree = "<group>";
		};
		9B40D2542B860A1700E20DC3 /* Home */ = {
			isa = PBXGroup;
			children = (
				9B40D2562B860A2500E20DC3 /* ViewModels */,
				9B40D2552B860A1F00E20DC3 /* Views */,
			);
			path = Home;
			sourceTree = "<group>";
		};
		9B40D2552B860A1F00E20DC3 /* Views */ = {
			isa = PBXGroup;
			children = (
				9B40D2572B860A3300E20DC3 /* HomeView.swift */,
				9BE6CEB62B87876F00870233 /* HomeStatsView.swift */,
				9B40D2622B86295600E20DC3 /* CoinRowView.swift */,
			);
			path = Views;
			sourceTree = "<group>";
		};
		9B40D2562B860A2500E20DC3 /* ViewModels */ = {
			isa = PBXGroup;
			children = (
				9B6FE7802B863C30001D04CA /* HomeViewModel.swift */,
				9B6FE7822B863D20001D04CA /* ViewModelData.swift */,
			);
			path = ViewModels;
			sourceTree = "<group>";
		};
		9B40D2592B860B1D00E20DC3 /* Components */ = {
			isa = PBXGroup;
			children = (
				9BCDDE722B86511400B4627D /* CoinImage */,
				9B40D25A2B860B3A00E20DC3 /* CircleButton */,
				9BE6CEAE2B87527700870233 /* SearchBarView.swift */,
				9BE6CEB42B87851100870233 /* StatisticView.swift */,
			);
			path = Components;
			sourceTree = "<group>";
		};
		9B40D25A2B860B3A00E20DC3 /* CircleButton */ = {
			isa = PBXGroup;
			children = (
				9B40D25B2B860B4600E20DC3 /* CircleButtonView.swift */,
				9B40D25D2B860E2C00E20DC3 /* CircleButtonAnimationView.swift */,
			);
			path = CircleButton;
			sourceTree = "<group>";
		};
		9B40D25F2B86221F00E20DC3 /* Models */ = {
			isa = PBXGroup;
			children = (
				9B40D2602B86223800E20DC3 /* CoinModel.swift */,
				9B40D2662B862E1800E20DC3 /* ModelData.swift */,
				9BE6CEB22B8783EE00870233 /* StatisticModel.swift */,
				9BE6CEB82B878A4F00870233 /* MarketDataModel.swift */,
			);
			path = Models;
			sourceTree = "<group>";
		};
		9B6FE7842B8644B0001D04CA /* Services */ = {
			isa = PBXGroup;
			children = (
				9B6FE7852B8644D7001D04CA /* CoinDataService.swift */,
				9BCDDE772B8652D700B4627D /* CoinImageService.swift */,
				9BE6CEBA2B878D4A00870233 /* MarketDataService.swift */,
			);
			path = Services;
			sourceTree = "<group>";
		};
		9B6FE7872B864AEA001D04CA /* Utilities */ = {
			isa = PBXGroup;
			children = (
				9B6FE7882B864B1C001D04CA /* NetworkingManager.swift */,
				9BCDDE792B874A9100B4627D /* LocalFileManager.swift */,
			);
			path = Utilities;
			sourceTree = "<group>";
		};
		9BCDDE722B86511400B4627D /* CoinImage */ = {
			isa = PBXGroup;
			children = (
				9BCDDE732B86512900B4627D /* CoinImageView.swift */,
				9BCDDE752B86513D00B4627D /* CoinImageViewModel.swift */,
			);
			path = CoinImage;
			sourceTree = "<group>";
		};
/* End PBXGroup section */

/* Begin PBXNativeTarget section */
		9B40D23C2B8605E300E20DC3 /* SwiftUICrypto */ = {
			isa = PBXNativeTarget;
			buildConfigurationList = 9B40D24B2B8605E500E20DC3 /* Build configuration list for PBXNativeTarget "SwiftUICrypto" */;
			buildPhases = (
				9B40D2392B8605E300E20DC3 /* Sources */,
				9B40D23A2B8605E300E20DC3 /* Frameworks */,
				9B40D23B2B8605E300E20DC3 /* Resources */,
			);
			buildRules = (
			);
			dependencies = (
			);
			name = SwiftUICrypto;
			productName = SwiftUICrypto;
			productReference = 9B40D23D2B8605E300E20DC3 /* SwiftUICrypto.app */;
			productType = "com.apple.product-type.application";
		};
/* End PBXNativeTarget section */

/* Begin PBXProject section */
		9B40D2352B8605E300E20DC3 /* Project object */ = {
			isa = PBXProject;
			attributes = {
				BuildIndependentTargetsInParallel = 1;
				LastSwiftUpdateCheck = 1520;
				LastUpgradeCheck = 1520;
				TargetAttributes = {
					9B40D23C2B8605E300E20DC3 = {
						CreatedOnToolsVersion = 15.2;
					};
				};
			};
			buildConfigurationList = 9B40D2382B8605E300E20DC3 /* Build configuration list for PBXProject "SwiftUICrypto" */;
			compatibilityVersion = "Xcode 14.0";
			developmentRegion = en;
			hasScannedForEncodings = 0;
			knownRegions = (
				en,
				Base,
			);
			mainGroup = 9B40D2342B8605E300E20DC3;
			productRefGroup = 9B40D23E2B8605E300E20DC3 /* Products */;
			projectDirPath = "";
			projectRoot = "";
			targets = (
				9B40D23C2B8605E300E20DC3 /* SwiftUICrypto */,
			);
		};
/* End PBXProject section */

/* Begin PBXResourcesBuildPhase section */
		9B40D23B2B8605E300E20DC3 /* Resources */ = {
			isa = PBXResourcesBuildPhase;
			buildActionMask = 2147483647;
			files = (
				9B40D2482B8605E500E20DC3 /* Preview Assets.xcassets in Resources */,
				9B40D24F2B86069800E20DC3 /* Assets.xcassets in Resources */,
			);
			runOnlyForDeploymentPostprocessing = 0;
		};
/* End PBXResourcesBuildPhase section */

/* Begin PBXSourcesBuildPhase section */
		9B40D2392B8605E300E20DC3 /* Sources */ = {
			isa = PBXSourcesBuildPhase;
			buildActionMask = 2147483647;
			files = (
				9B6FE7832B863D20001D04CA /* ViewModelData.swift in Sources */,
				9BE6CEB32B8783EE00870233 /* StatisticModel.swift in Sources */,
				9B40D2632B86295600E20DC3 /* CoinRowView.swift in Sources */,
				9B6FE7812B863C30001D04CA /* HomeViewModel.swift in Sources */,
				9B40D2432B8605E300E20DC3 /* ContentView.swift in Sources */,
				9BE6CEBB2B878D4A00870233 /* MarketDataService.swift in Sources */,
				9B40D2672B862E1800E20DC3 /* ModelData.swift in Sources */,
				9B6FE7862B8644D7001D04CA /* CoinDataService.swift in Sources */,
				9BE6CEB92B878A4F00870233 /* MarketDataModel.swift in Sources */,
				9B40D2582B860A3300E20DC3 /* HomeView.swift in Sources */,
				9BCDDE782B8652D700B4627D /* CoinImageService.swift in Sources */,
				9BE6CEB52B87851100870233 /* StatisticView.swift in Sources */,
				9BE6CEB12B875BBA00870233 /* UIApplication.swift in Sources */,
				9B40D2412B8605E300E20DC3 /* SwiftUICryptoApp.swift in Sources */,
				9B40D25C2B860B4600E20DC3 /* CircleButtonView.swift in Sources */,
				9BE6CEB72B87876F00870233 /* HomeStatsView.swift in Sources */,
				9B40D2522B86076700E20DC3 /* Color.swift in Sources */,
				9BCDDE7A2B874A9100B4627D /* LocalFileManager.swift in Sources */,
				9BE6CEAF2B87527700870233 /* SearchBarView.swift in Sources */,
				9B40D25E2B860E2C00E20DC3 /* CircleButtonAnimationView.swift in Sources */,
				9BCDDE762B86513D00B4627D /* CoinImageViewModel.swift in Sources */,
				9BCDDE742B86512900B4627D /* CoinImageView.swift in Sources */,
				9B391CE82B86312B0094727F /* Double.swift in Sources */,
				9B40D2612B86223800E20DC3 /* CoinModel.swift in Sources */,
				9B6FE7892B864B1C001D04CA /* NetworkingManager.swift in Sources */,
			);
			runOnlyForDeploymentPostprocessing = 0;
		};
/* End PBXSourcesBuildPhase section */

/* Begin XCBuildConfiguration section */
		9B40D2492B8605E500E20DC3 /* Debug */ = {
			isa = XCBuildConfiguration;
			buildSettings = {
				ALWAYS_SEARCH_USER_PATHS = NO;
				ASSETCATALOG_COMPILER_GENERATE_SWIFT_ASSET_SYMBOL_EXTENSIONS = YES;
				CLANG_ANALYZER_NONNULL = YES;
				CLANG_ANALYZER_NUMBER_OBJECT_CONVERSION = YES_AGGRESSIVE;
				CLANG_CXX_LANGUAGE_STANDARD = "gnu++20";
				CLANG_ENABLE_MODULES = YES;
				CLANG_ENABLE_OBJC_ARC = YES;
				CLANG_ENABLE_OBJC_WEAK = YES;
				CLANG_WARN_BLOCK_CAPTURE_AUTORELEASING = YES;
				CLANG_WARN_BOOL_CONVERSION = YES;
				CLANG_WARN_COMMA = YES;
				CLANG_WARN_CONSTANT_CONVERSION = YES;
				CLANG_WARN_DEPRECATED_OBJC_IMPLEMENTATIONS = YES;
				CLANG_WARN_DIRECT_OBJC_ISA_USAGE = YES_ERROR;
				CLANG_WARN_DOCUMENTATION_COMMENTS = YES;
				CLANG_WARN_EMPTY_BODY = YES;
				CLANG_WARN_ENUM_CONVERSION = YES;
				CLANG_WARN_INFINITE_RECURSION = YES;
				CLANG_WARN_INT_CONVERSION = YES;
				CLANG_WARN_NON_LITERAL_NULL_CONVERSION = YES;
				CLANG_WARN_OBJC_IMPLICIT_RETAIN_SELF = YES;
				CLANG_WARN_OBJC_LITERAL_CONVERSION = YES;
				CLANG_WARN_OBJC_ROOT_CLASS = YES_ERROR;
				CLANG_WARN_QUOTED_INCLUDE_IN_FRAMEWORK_HEADER = YES;
				CLANG_WARN_RANGE_LOOP_ANALYSIS = YES;
				CLANG_WARN_STRICT_PROTOTYPES = YES;
				CLANG_WARN_SUSPICIOUS_MOVE = YES;
				CLANG_WARN_UNGUARDED_AVAILABILITY = YES_AGGRESSIVE;
				CLANG_WARN_UNREACHABLE_CODE = YES;
				CLANG_WARN__DUPLICATE_METHOD_MATCH = YES;
				COPY_PHASE_STRIP = NO;
				DEBUG_INFORMATION_FORMAT = dwarf;
				ENABLE_STRICT_OBJC_MSGSEND = YES;
				ENABLE_TESTABILITY = YES;
				ENABLE_USER_SCRIPT_SANDBOXING = YES;
				GCC_C_LANGUAGE_STANDARD = gnu17;
				GCC_DYNAMIC_NO_PIC = NO;
				GCC_NO_COMMON_BLOCKS = YES;
				GCC_OPTIMIZATION_LEVEL = 0;
				GCC_PREPROCESSOR_DEFINITIONS = (
					"DEBUG=1",
					"$(inherited)",
				);
				GCC_WARN_64_TO_32_BIT_CONVERSION = YES;
				GCC_WARN_ABOUT_RETURN_TYPE = YES_ERROR;
				GCC_WARN_UNDECLARED_SELECTOR = YES;
				GCC_WARN_UNINITIALIZED_AUTOS = YES_AGGRESSIVE;
				GCC_WARN_UNUSED_FUNCTION = YES;
				GCC_WARN_UNUSED_VARIABLE = YES;
				IPHONEOS_DEPLOYMENT_TARGET = 17.2;
				LOCALIZATION_PREFERS_STRING_CATALOGS = YES;
				MTL_ENABLE_DEBUG_INFO = INCLUDE_SOURCE;
				MTL_FAST_MATH = YES;
				ONLY_ACTIVE_ARCH = YES;
				SDKROOT = iphoneos;
				SWIFT_ACTIVE_COMPILATION_CONDITIONS = "DEBUG $(inherited)";
				SWIFT_OPTIMIZATION_LEVEL = "-Onone";
			};
			name = Debug;
		};
		9B40D24A2B8605E500E20DC3 /* Release */ = {
			isa = XCBuildConfiguration;
			buildSettings = {
				ALWAYS_SEARCH_USER_PATHS = NO;
				ASSETCATALOG_COMPILER_GENERATE_SWIFT_ASSET_SYMBOL_EXTENSIONS = YES;
				CLANG_ANALYZER_NONNULL = YES;
				CLANG_ANALYZER_NUMBER_OBJECT_CONVERSION = YES_AGGRESSIVE;
				CLANG_CXX_LANGUAGE_STANDARD = "gnu++20";
				CLANG_ENABLE_MODULES = YES;
				CLANG_ENABLE_OBJC_ARC = YES;
				CLANG_ENABLE_OBJC_WEAK = YES;
				CLANG_WARN_BLOCK_CAPTURE_AUTORELEASING = YES;
				CLANG_WARN_BOOL_CONVERSION = YES;
				CLANG_WARN_COMMA = YES;
				CLANG_WARN_CONSTANT_CONVERSION = YES;
				CLANG_WARN_DEPRECATED_OBJC_IMPLEMENTATIONS = YES;
				CLANG_WARN_DIRECT_OBJC_ISA_USAGE = YES_ERROR;
				CLANG_WARN_DOCUMENTATION_COMMENTS = YES;
				CLANG_WARN_EMPTY_BODY = YES;
				CLANG_WARN_ENUM_CONVERSION = YES;
				CLANG_WARN_INFINITE_RECURSION = YES;
				CLANG_WARN_INT_CONVERSION = YES;
				CLANG_WARN_NON_LITERAL_NULL_CONVERSION = YES;
				CLANG_WARN_OBJC_IMPLICIT_RETAIN_SELF = YES;
				CLANG_WARN_OBJC_LITERAL_CONVERSION = YES;
				CLANG_WARN_OBJC_ROOT_CLASS = YES_ERROR;
				CLANG_WARN_QUOTED_INCLUDE_IN_FRAMEWORK_HEADER = YES;
				CLANG_WARN_RANGE_LOOP_ANALYSIS = YES;
				CLANG_WARN_STRICT_PROTOTYPES = YES;
				CLANG_WARN_SUSPICIOUS_MOVE = YES;
				CLANG_WARN_UNGUARDED_AVAILABILITY = YES_AGGRESSIVE;
				CLANG_WARN_UNREACHABLE_CODE = YES;
				CLANG_WARN__DUPLICATE_METHOD_MATCH = YES;
				COPY_PHASE_STRIP = NO;
				DEBUG_INFORMATION_FORMAT = "dwarf-with-dsym";
				ENABLE_NS_ASSERTIONS = NO;
				ENABLE_STRICT_OBJC_MSGSEND = YES;
				ENABLE_USER_SCRIPT_SANDBOXING = YES;
				GCC_C_LANGUAGE_STANDARD = gnu17;
				GCC_NO_COMMON_BLOCKS = YES;
				GCC_WARN_64_TO_32_BIT_CONVERSION = YES;
				GCC_WARN_ABOUT_RETURN_TYPE = YES_ERROR;
				GCC_WARN_UNDECLARED_SELECTOR = YES;
				GCC_WARN_UNINITIALIZED_AUTOS = YES_AGGRESSIVE;
				GCC_WARN_UNUSED_FUNCTION = YES;
				GCC_WARN_UNUSED_VARIABLE = YES;
				IPHONEOS_DEPLOYMENT_TARGET = 17.2;
				LOCALIZATION_PREFERS_STRING_CATALOGS = YES;
				MTL_ENABLE_DEBUG_INFO = NO;
				MTL_FAST_MATH = YES;
				SDKROOT = iphoneos;
				SWIFT_COMPILATION_MODE = wholemodule;
				VALIDATE_PRODUCT = YES;
			};
			name = Release;
		};
		9B40D24C2B8605E500E20DC3 /* Debug */ = {
			isa = XCBuildConfiguration;
			buildSettings = {
				ASSETCATALOG_COMPILER_APPICON_NAME = AppIcon;
				ASSETCATALOG_COMPILER_GLOBAL_ACCENT_COLOR_NAME = AccentColor;
				CODE_SIGN_STYLE = Automatic;
				CURRENT_PROJECT_VERSION = 1;
				DEVELOPMENT_ASSET_PATHS = "\"SwiftUICrypto/Preview Content\"";
				DEVELOPMENT_TEAM = J6G54HL593;
				ENABLE_PREVIEWS = YES;
				GENERATE_INFOPLIST_FILE = YES;
				INFOPLIST_KEY_CFBundleDisplayName = "Crypto Tracker";
				INFOPLIST_KEY_UIApplicationSceneManifest_Generation = YES;
				INFOPLIST_KEY_UIApplicationSupportsIndirectInputEvents = YES;
				INFOPLIST_KEY_UILaunchScreen_Generation = YES;
				INFOPLIST_KEY_UISupportedInterfaceOrientations = UIInterfaceOrientationPortrait;
				INFOPLIST_KEY_UISupportedInterfaceOrientations_iPad = "UIInterfaceOrientationPortrait UIInterfaceOrientationPortraitUpsideDown";
				IPHONEOS_DEPLOYMENT_TARGET = 17.2;
				LD_RUNPATH_SEARCH_PATHS = (
					"$(inherited)",
					"@executable_path/Frameworks",
				);
				MARKETING_VERSION = 1.0;
				PRODUCT_BUNDLE_IDENTIFIER = me.filipepatricio.SwiftUICrypto;
				PRODUCT_NAME = "$(TARGET_NAME)";
				SWIFT_EMIT_LOC_STRINGS = YES;
				SWIFT_VERSION = 5.0;
				TARGETED_DEVICE_FAMILY = "1,2";
			};
			name = Debug;
		};
		9B40D24D2B8605E500E20DC3 /* Release */ = {
			isa = XCBuildConfiguration;
			buildSettings = {
				ASSETCATALOG_COMPILER_APPICON_NAME = AppIcon;
				ASSETCATALOG_COMPILER_GLOBAL_ACCENT_COLOR_NAME = AccentColor;
				CODE_SIGN_STYLE = Automatic;
				CURRENT_PROJECT_VERSION = 1;
				DEVELOPMENT_ASSET_PATHS = "\"SwiftUICrypto/Preview Content\"";
				DEVELOPMENT_TEAM = J6G54HL593;
				ENABLE_PREVIEWS = YES;
				GENERATE_INFOPLIST_FILE = YES;
				INFOPLIST_KEY_CFBundleDisplayName = "Crypto Tracker";
				INFOPLIST_KEY_UIApplicationSceneManifest_Generation = YES;
				INFOPLIST_KEY_UIApplicationSupportsIndirectInputEvents = YES;
				INFOPLIST_KEY_UILaunchScreen_Generation = YES;
				INFOPLIST_KEY_UISupportedInterfaceOrientations = UIInterfaceOrientationPortrait;
				INFOPLIST_KEY_UISupportedInterfaceOrientations_iPad = "UIInterfaceOrientationPortrait UIInterfaceOrientationPortraitUpsideDown";
				IPHONEOS_DEPLOYMENT_TARGET = 17.2;
				LD_RUNPATH_SEARCH_PATHS = (
					"$(inherited)",
					"@executable_path/Frameworks",
				);
				MARKETING_VERSION = 1.0;
				PRODUCT_BUNDLE_IDENTIFIER = me.filipepatricio.SwiftUICrypto;
				PRODUCT_NAME = "$(TARGET_NAME)";
				SWIFT_EMIT_LOC_STRINGS = YES;
				SWIFT_VERSION = 5.0;
				TARGETED_DEVICE_FAMILY = "1,2";
			};
			name = Release;
		};
/* End XCBuildConfiguration section */

/* Begin XCConfigurationList section */
		9B40D2382B8605E300E20DC3 /* Build configuration list for PBXProject "SwiftUICrypto" */ = {
			isa = XCConfigurationList;
			buildConfigurations = (
				9B40D2492B8605E500E20DC3 /* Debug */,
				9B40D24A2B8605E500E20DC3 /* Release */,
			);
			defaultConfigurationIsVisible = 0;
			defaultConfigurationName = Release;
		};
		9B40D24B2B8605E500E20DC3 /* Build configuration list for PBXNativeTarget "SwiftUICrypto" */ = {
			isa = XCConfigurationList;
			buildConfigurations = (
				9B40D24C2B8605E500E20DC3 /* Debug */,
				9B40D24D2B8605E500E20DC3 /* Release */,
			);
			defaultConfigurationIsVisible = 0;
			defaultConfigurationName = Release;
		};
/* End XCConfigurationList section */
	};
	rootObject = 9B40D2352B8605E300E20DC3 /* Project object */;
}
